
Microsoft Visual Studio Solution File, Format Version 12.00
# Visual Studio Version 17
VisualStudioVersion = 17.3.32825.248
MinimumVisualStudioVersion = 10.0.40219.1
Project("{9A19103F-16F7-4668-BE54-9A1E7A4F7556}") = "PKM_RDM_WPF", "PKM_RDM_WPF\PKM_RDM_WPF.csproj", "{1DDBCAA2-858C-4065-9101-B3804112FFB8}"
EndProject
Project("{54435603-DBB4-11D2-8724-00A0C9A8B90C}") = "PKM_RDM_WPF_Installer", "PKM_RDM_WPF_Installer\PKM_RDM_WPF_Installer.vdproj", "{C8E25B5F-6BBC-43FD-A04B-602067CD0595}"
EndProject
Global
	GlobalSection(SolutionConfigurationPlatforms) = preSolution
		Debug|Any CPU = Debug|Any CPU
		Release|Any CPU = Release|Any CPU
	EndGlobalSection
	GlobalSection(ProjectConfigurationPlatforms) = postSolution
		{1DDBCAA2-858C-4065-9101-B3804112FFB8}.Debug|Any CPU.ActiveCfg = Debug|Any CPU
		{1DDBCAA2-858C-4065-9101-B3804112FFB8}.Debug|Any CPU.Build.0 = Debug|Any CPU
		{1DDBCAA2-858C-4065-9101-B3804112FFB8}.Release|Any CPU.ActiveCfg = Release|Any CPU
		{1DDBCAA2-858C-4065-9101-B3804112FFB8}.Release|Any CPU.Build.0 = Release|Any CPU
		{C8E25B5F-6BBC-43FD-A04B-602067CD0595}.Debug|Any CPU.ActiveCfg = Debug
		{C8E25B5F-6BBC-43FD-A04B-602067CD0595}.Release|Any CPU.ActiveCfg = Release
	EndGlobalSection
	GlobalSection(SolutionProperties) = preSolution
		HideSolutionNode = FALSE
	EndGlobalSection
	GlobalSection(ExtensibilityGlobals) = postSolution
		SolutionGuid = {CC64F46C-B9E7-48B0-80C6-1EE2F4B26475}
	EndGlobalSection
EndGlobal
